// !$*UTF8*$!
{
	archiveVersion = 1;
	classes = {
	};
	objectVersion = 46;
	objects = {

/* Begin PBXBuildFile section */
		377003541D65A39A00D50EF8 /* main.m in Sources */ = {isa = PBXBuildFile; fileRef = 377003531D65A39A00D50EF8 /* main.m */; };
		377003571D65A39A00D50EF8 /* AppDelegate.m in Sources */ = {isa = PBXBuildFile; fileRef = 377003561D65A39A00D50EF8 /* AppDelegate.m */; };
		3770035A1D65A39A00D50EF8 /* ViewController.m in Sources */ = {isa = PBXBuildFile; fileRef = 377003591D65A39A00D50EF8 /* ViewController.m */; };
		3770035F1D65A39A00D50EF8 /* Assets.xcassets in Resources */ = {isa = PBXBuildFile; fileRef = 3770035E1D65A39A00D50EF8 /* Assets.xcassets */; };
		377003621D65A39A00D50EF8 /* LaunchScreen.storyboard in Resources */ = {isa = PBXBuildFile; fileRef = 377003601D65A39A00D50EF8 /* LaunchScreen.storyboard */; };
/* End PBXBuildFile section */

/* Begin PBXFileReference section */
		3770034F1D65A39A00D50EF8 /* UISearchBar的简单实用.app */ = {isa = PBXFileReference; explicitFileType = wrapper.application; includeInIndex = 0; path = "UISearchBar的简单实用.app"; sourceTree = BUILT_PRODUCTS_DIR; };
		377003531D65A39A00D50EF8 /* main.m */ = {isa = PBXFileReference; lastKnownFileType = sourcecode.c.objc; path = main.m; sourceTree = "<group>"; };
		377003551D65A39A00D50EF8 /* AppDelegate.h */ = {isa = PBXFileReference; lastKnownFileType = sourcecode.c.h; path = AppDelegate.h; sourceTree = "<group>"; };
		377003561D65A39A00D50EF8 /* AppDelegate.m */ = {isa = PBXFileReference; lastKnownFileType = sourcecode.c.objc; path = AppDelegate.m; sourceTree = "<group>"; };
		377003581D65A39A00D50EF8 /* ViewController.h */ = {isa = PBXFileReference; lastKnownFileType = sourcecode.c.h; path = ViewController.h; sourceTree = "<group>"; };
		377003591D65A39A00D50EF8 /* ViewController.m */ = {isa = PBXFileReference; lastKnownFileType = sourcecode.c.objc; path = ViewController.m; sourceTree = "<group>"; };
		3770035E1D65A39A00D50EF8 /* Assets.xcassets */ = {isa = PBXFileReference; lastKnownFileType = folder.assetcatalog; path = Assets.xcassets; sourceTree = "<group>"; };
		377003611D65A39A00D50EF8 /* Base */ = {isa = PBXFileReference; lastKnownFileType = file.storyboard; name = Base; path = Base.lproj/LaunchScreen.storyboard; sourceTree = "<group>"; };
		377003631D65A39A00D50EF8 /* Info.plist */ = {isa = PBXFileReference; lastKnownFileType = text.plist.xml; path = Info.plist; sourceTree = "<group>"; };
/* End PBXFileReference section */

/* Begin PBXFrameworksBuildPhase section */
		3770034C1D65A39A00D50EF8 /* Frameworks */ = {
			isa = PBXFrameworksBuildPhase;
			buildActionMask = 2147483647;
			files = (
			);
			runOnlyForDeploymentPostprocessing = 0;
		};
/* End PBXFrameworksBuildPhase section */

/* Begin PBXGroup section */
		377003461D65A39A00D50EF8 = {
			isa = PBXGroup;
			children = (
				377003511D65A39A00D50EF8 /* UISearchBar的简单实用 */,
				377003501D65A39A00D50EF8 /* Products */,
			);
			sourceTree = "<group>";
		};
		377003501D65A39A00D50EF8 /* Products */ = {
			isa = PBXGroup;
			children = (
				3770034F1D65A39A00D50EF8 /* UISearchBar的简单实用.app */,
			);
			name = Products;
			sourceTree = "<group>";
		};
		377003511D65A39A00D50EF8 /* UISearchBar的简单实用 */ = {
			isa = PBXGroup;
			children = (
				377003551D65A39A00D50EF8 /* AppDelegate.h */,
				377003561D65A39A00D50EF8 /* AppDelegate.m */,
				377003581D65A39A00D50EF8 /* ViewController.h */,
				377003591D65A39A00D50EF8 /* ViewController.m */,
				3770035E1D65A39A00D50EF8 /* Assets.xcassets */,
				377003601D65A39A00D50EF8 /* LaunchScreen.storyboard */,
				377003631D65A39A00D50EF8 /* Info.plist */,
				377003521D65A39A00D50EF8 /* Supporting Files */,
			);
			path = "UISearchBar的简单实用";
			sourceTree = "<group>";
		};
		377003521D65A39A00D50EF8 /* Supporting Files */ = {
			isa = PBXGroup;
			children = (
				377003531D65A39A00D50EF8 /* main.m */,
			);
			name = "Supporting Files";
			sourceTree = "<group>";
		};
/* End PBXGroup section */

/* Begin PBXNativeTarget section */
		3770034E1D65A39A00D50EF8 /* UISearchBar的简单实用 */ = {
			isa = PBXNativeTarget;
			buildConfigurationList = 377003661D65A39A00D50EF8 /* Build configuration list for PBXNativeTarget "UISearchBar的简单实用" */;
			buildPhases = (
				3770034B1D65A39A00D50EF8 /* Sources */,
				3770034C1D65A39A00D50EF8 /* Frameworks */,
				3770034D1D65A39A00D50EF8 /* Resources */,
			);
			buildRules = (
			);
			dependencies = (
			);
			name = "UISearchBar的简单实用";
			productName = "UISearchBar的简单实用";
			productReference = 3770034F1D65A39A00D50EF8 /* UISearchBar的简单实用.app */;
			productType = "com.apple.product-type.application";
		};
/* End PBXNativeTarget section */

/* Begin PBXProject section */
		377003471D65A39A00D50EF8 /* Project object */ = {
			isa = PBXProject;
			attributes = {
				LastUpgradeCheck = 0730;
				ORGANIZATIONNAME = OrangeIce;
				TargetAttributes = {
					3770034E1D65A39A00D50EF8 = {
						CreatedOnToolsVersion = 7.3.1;
						DevelopmentTeam = 95Z9Q572G7;
					};
				};
			};
			buildConfigurationList = 3770034A1D65A39A00D50EF8 /* Build configuration list for PBXProject "UISearchBar的简单实用" */;
			compatibilityVersion = "Xcode 3.2";
			developmentRegion = English;
			hasScannedForEncodings = 0;
			knownRegions = (
				en,
				Base,
			);
			mainGroup = 377003461D65A39A00D50EF8;
			productRefGroup = 377003501D65A39A00D50EF8 /* Products */;
			projectDirPath = "";
			projectRoot = "";
			targets = (
				3770034E1D65A39A00D50EF8 /* UISearchBar的简单实用 */,
			);
		};
/* End PBXProject section */

/* Begin PBXResourcesBuildPhase section */
		3770034D1D65A39A00D50EF8 /* Resources */ = {
			isa = PBXResourcesBuildPhase;
			buildActionMask = 2147483647;
			files = (
				377003621D65A39A00D50EF8 /* LaunchScreen.storyboard in Resources */,
				3770035F1D65A39A00D50EF8 /* Assets.xcassets in Resources */,
			);
			runOnlyForDeploymentPostprocessing = 0;
		};
/* End PBXResourcesBuildPhase section */

/* Begin PBXSourcesBuildPhase section */
		3770034B1D65A39A00D50EF8 /* Sources */ = {
			isa = PBXSourcesBuildPhase;
			buildActionMask = 2147483647;
			files = (
				3770035A1D65A39A00D50EF8 /* ViewController.m in Sources */,
				377003571D65A39A00D50EF8 /* AppDelegate.m in Sources */,
				377003541D65A39A00D50EF8 /* main.m in Sources */,
			);
			runOnlyForDeploymentPostprocessing = 0;
		};
/* End PBXSourcesBuildPhase section */

/* Begin PBXVariantGroup section */
		377003601D65A39A00D50EF8 /* LaunchScreen.storyboard */ = {
			isa = PBXVariantGroup;
			children = (
				377003611D65A39A00D50EF8 /* Base */,
			);
			name = LaunchScreen.storyboard;
			sourceTree = "<group>";
		};
/* End PBXVariantGroup section */

/* Begin XCBuildConfiguration section */
		377003641D65A39A00D50EF8 /* Debug */ = {
			isa = XCBuildConfiguration;
			buildSettings = {
				ALWAYS_SEARCH_USER_PATHS = NO;
				CLANG_ANALYZER_NONNULL = YES;
				CLANG_CXX_LANGUAGE_STANDARD = "gnu++0x";
				CLANG_CXX_LIBRARY = "libc++";
				CLANG_ENABLE_MODULES = YES;
				CLANG_ENABLE_OBJC_ARC = YES;
				CLANG_WARN_BOOL_CONVERSION = YES;
				CLANG_WARN_CONSTANT_CONVERSION = YES;
				CLANG_WARN_DIRECT_OBJC_ISA_USAGE = YES_ERROR;
				CLANG_WARN_EMPTY_BODY = YES;
				CLANG_WARN_ENUM_CONVERSION = YES;
				CLANG_WARN_INT_CONVERSION = YES;
				CLANG_WARN_OBJC_ROOT_CLASS = YES_ERROR;
				CLANG_WARN_UNREACHABLE_CODE = YES;
				CLANG_WARN__DUPLICATE_METHOD_MATCH = YES;
				"CODE_SIGN_IDENTITY[sdk=iphoneos*]" = "iPhone Developer";
				COPY_PHASE_STRIP = NO;
				DEBUG_INFORMATION_FORMAT = dwarf;
				ENABLE_STRICT_OBJC_MSGSEND = YES;
				ENABLE_TESTABILITY = YES;
				GCC_C_LANGUAGE_STANDARD = gnu99;
				GCC_DYNAMIC_NO_PIC = NO;
				GCC_NO_COMMON_BLOCKS = YES;
				GCC_OPTIMIZATION_LEVEL = 0;
				GCC_PREPROCESSOR_DEFINITIONS = (
					"DEBUG=1",
					"$(inherited)",
				);
				GCC_WARN_64_TO_32_BIT_CONVERSION = YES;
				GCC_WARN_ABOUT_RETURN_TYPE = YES_ERROR;
				GCC_WARN_UNDECLARED_SELECTOR = YES;
				GCC_WARN_UNINITIALIZED_AUTOS = YES_AGGRESSIVE;
				GCC_WARN_UNUSED_FUNCTION = YES;
				GCC_WARN_UNUSED_VARIABLE = YES;
				IPHONEOS_DEPLOYMENT_TARGET = 9.3;
				MTL_ENABLE_DEBUG_INFO = YES;
				ONLY_ACTIVE_ARCH = YES;
				SDKROOT = iphoneos;
			};
			name = Debug;
		};
		377003651D65A39A00D50EF8 /* Release */ = {
			isa = XCBuildConfiguration;
			buildSettings = {
				ALWAYS_SEARCH_USER_PATHS = NO;
				CLANG_ANALYZER_NONNULL = YES;
				CLANG_CXX_LANGUAGE_STANDARD = "gnu++0x";
				CLANG_CXX_LIBRARY = "libc++";
				CLANG_ENABLE_MODULES = YES;
				CLANG_ENABLE_OBJC_ARC = YES;
				CLANG_WARN_BOOL_CONVERSION = YES;
				CLANG_WARN_CONSTANT_CONVERSION = YES;
				CLANG_WARN_DIRECT_OBJC_ISA_USAGE = YES_ERROR;
				CLANG_WARN_EMPTY_BODY = YES;
				CLANG_WARN_ENUM_CONVERSION = YES;
				CLANG_WARN_INT_CONVERSION = YES;
				CLANG_WARN_OBJC_ROOT_CLASS = YES_ERROR;
				CLANG_WARN_UNREACHABLE_CODE = YES;
				CLANG_WARN__DUPLICATE_METHOD_MATCH = YES;
				"CODE_SIGN_IDENTITY[sdk=iphoneos*]" = "iPhone Developer";
				COPY_PHASE_STRIP = NO;
				DEBUG_INFORMATION_FORMAT = "dwarf-with-dsym";
				ENABLE_NS_ASSERTIONS = NO;
				ENABLE_STRICT_OBJC_MSGSEND = YES;
				GCC_C_LANGUAGE_STANDARD = gnu99;
				GCC_NO_COMMON_BLOCKS = YES;
				GCC_WARN_64_TO_32_BIT_CONVERSION = YES;
				GCC_WARN_ABOUT_RETURN_TYPE = YES_ERROR;
				GCC_WARN_UNDECLARED_SELECTOR = YES;
				GCC_WARN_UNINITIALIZED_AUTOS = YES_AGGRESSIVE;
				GCC_WARN_UNUSED_FUNCTION = YES;
				GCC_WARN_UNUSED_VARIABLE = YES;
				IPHONEOS_DEPLOYMENT_TARGET = 9.3;
				MTL_ENABLE_DEBUG_INFO = NO;
				SDKROOT = iphoneos;
				VALIDATE_PRODUCT = YES;
			};
			name = Release;
		};
		377003671D65A39A00D50EF8 /* Debug */ = {
			isa = XCBuildConfiguration;
			buildSettings = {
				ASSETCATALOG_COMPILER_APPICON_NAME = AppIcon;
				INFOPLIST_FILE = "UISearchBar的简单实用/Info.plist";
				LD_RUNPATH_SEARCH_PATHS = "$(inherited) @executable_path/Frameworks";
				PRODUCT_BUNDLE_IDENTIFIER = "com.orangeice.UISearchBar-----";
				PRODUCT_NAME = "$(TARGET_NAME)";
			};
			name = Debug;
		};
		377003681D65A39A00D50EF8 /* Release */ = {
			isa = XCBuildConfiguration;
			buildSettings = {
				ASSETCATALOG_COMPILER_APPICON_NAME = AppIcon;
				INFOPLIST_FILE = "UISearchBar的简单实用/Info.plist";
				LD_RUNPATH_SEARCH_PATHS = "$(inherited) @executable_path/Frameworks";
				PRODUCT_BUNDLE_IDENTIFIER = "com.orangeice.UISearchBar-----";
				PRODUCT_NAME = "$(TARGET_NAME)";
			};
			name = Release;
		};
/* End XCBuildConfiguration section */

/* Begin XCConfigurationList section */
		3770034A1D65A39A00D50EF8 /* Build configuration list for PBXProject "UISearchBar的简单实用" */ = {
			isa = XCConfigurationList;
			buildConfigurations = (
				377003641D65A39A00D50EF8 /* Debug */,
				377003651D65A39A00D50EF8 /* Release */,
			);
			defaultConfigurationIsVisible = 0;
			defaultConfigurationName = Release;
		};
		377003661D65A39A00D50EF8 /* Build configuration list for PBXNativeTarget "UISearchBar的简单实用" */ = {
			isa = XCConfigurationList;
			buildConfigurations = (
				377003671D65A39A00D50EF8 /* Debug */,
				377003681D65A39A00D50EF8 /* Release */,
			);
			defaultConfigurationIsVisible = 0;
		};
/* End XCConfigurationList section */
	};
	rootObject = 377003471D65A39A00D50EF8 /* Project object */;
}
